// !$*UTF8*$!
{
	archiveVersion = 1;
	classes = {
	};
	objectVersion = 55;
	objects = {

/* Begin PBXBuildFile section */
		102329C2288C3423006AAFF8 /* AppDelegate.swift in Sources */ = {isa = PBXBuildFile; fileRef = 102329C1288C3423006AAFF8 /* AppDelegate.swift */; };
		102329C4288C3423006AAFF8 /* SceneDelegate.swift in Sources */ = {isa = PBXBuildFile; fileRef = 102329C3288C3423006AAFF8 /* SceneDelegate.swift */; };
		102329C6288C3423006AAFF8 /* ViewController.swift in Sources */ = {isa = PBXBuildFile; fileRef = 102329C5288C3423006AAFF8 /* ViewController.swift */; };
		102329CC288C3423006AAFF8 /* Calculator_swift.xcdatamodeld in Sources */ = {isa = PBXBuildFile; fileRef = 102329CA288C3423006AAFF8 /* Calculator_swift.xcdatamodeld */; };
		102329CE288C3425006AAFF8 /* Assets.xcassets in Resources */ = {isa = PBXBuildFile; fileRef = 102329CD288C3425006AAFF8 /* Assets.xcassets */; };
		102329D1288C3425006AAFF8 /* LaunchScreen.storyboard in Resources */ = {isa = PBXBuildFile; fileRef = 102329CF288C3425006AAFF8 /* LaunchScreen.storyboard */; };
		102329DC288C3425006AAFF8 /* Calculator_swiftTests.swift in Sources */ = {isa = PBXBuildFile; fileRef = 102329DB288C3425006AAFF8 /* Calculator_swiftTests.swift */; };
		102329E6288C3425006AAFF8 /* Calculator_swiftUITests.swift in Sources */ = {isa = PBXBuildFile; fileRef = 102329E5288C3425006AAFF8 /* Calculator_swiftUITests.swift */; };
		102329E8288C3425006AAFF8 /* Calculator_swiftUITestsLaunchTests.swift in Sources */ = {isa = PBXBuildFile; fileRef = 102329E7288C3425006AAFF8 /* Calculator_swiftUITestsLaunchTests.swift */; };
		102329F6288C3728006AAFF8 /* Main.storyboard in Resources */ = {isa = PBXBuildFile; fileRef = 102329F4288C3728006AAFF8 /* Main.storyboard */; };
/* End PBXBuildFile section */

/* Begin PBXContainerItemProxy section */
		102329D8288C3425006AAFF8 /* PBXContainerItemProxy */ = {
			isa = PBXContainerItemProxy;
			containerPortal = 102329B6288C3423006AAFF8 /* Project object */;
			proxyType = 1;
			remoteGlobalIDString = 102329BD288C3423006AAFF8;
			remoteInfo = "Calculator swift";
		};
		102329E2288C3425006AAFF8 /* PBXContainerItemProxy */ = {
			isa = PBXContainerItemProxy;
			containerPortal = 102329B6288C3423006AAFF8 /* Project object */;
			proxyType = 1;
			remoteGlobalIDString = 102329BD288C3423006AAFF8;
			remoteInfo = "Calculator swift";
		};
/* End PBXContainerItemProxy section */

/* Begin PBXFileReference section */
		102329BE288C3423006AAFF8 /* Calculator swift.app */ = {isa = PBXFileReference; explicitFileType = wrapper.application; includeInIndex = 0; path = "Calculator swift.app"; sourceTree = BUILT_PRODUCTS_DIR; };
		102329C1288C3423006AAFF8 /* AppDelegate.swift */ = {isa = PBXFileReference; lastKnownFileType = sourcecode.swift; path = AppDelegate.swift; sourceTree = "<group>"; };
		102329C3288C3423006AAFF8 /* SceneDelegate.swift */ = {isa = PBXFileReference; lastKnownFileType = sourcecode.swift; path = SceneDelegate.swift; sourceTree = "<group>"; };
		102329C5288C3423006AAFF8 /* ViewController.swift */ = {isa = PBXFileReference; lastKnownFileType = sourcecode.swift; path = ViewController.swift; sourceTree = "<group>"; };
		102329CB288C3423006AAFF8 /* Calculator_swift.xcdatamodel */ = {isa = PBXFileReference; lastKnownFileType = wrapper.xcdatamodel; path = Calculator_swift.xcdatamodel; sourceTree = "<group>"; };
		102329CD288C3425006AAFF8 /* Assets.xcassets */ = {isa = PBXFileReference; lastKnownFileType = folder.assetcatalog; path = Assets.xcassets; sourceTree = "<group>"; };
		102329D0288C3425006AAFF8 /* Base */ = {isa = PBXFileReference; lastKnownFileType = file.storyboard; name = Base; path = Base.lproj/LaunchScreen.storyboard; sourceTree = "<group>"; };
		102329D2288C3425006AAFF8 /* Info.plist */ = {isa = PBXFileReference; lastKnownFileType = text.plist.xml; path = Info.plist; sourceTree = "<group>"; };
		102329D7288C3425006AAFF8 /* Calculator swiftTests.xctest */ = {isa = PBXFileReference; explicitFileType = wrapper.cfbundle; includeInIndex = 0; path = "Calculator swiftTests.xctest"; sourceTree = BUILT_PRODUCTS_DIR; };
		102329DB288C3425006AAFF8 /* Calculator_swiftTests.swift */ = {isa = PBXFileReference; lastKnownFileType = sourcecode.swift; path = Calculator_swiftTests.swift; sourceTree = "<group>"; };
		102329E1288C3425006AAFF8 /* Calculator swiftUITests.xctest */ = {isa = PBXFileReference; explicitFileType = wrapper.cfbundle; includeInIndex = 0; path = "Calculator swiftUITests.xctest"; sourceTree = BUILT_PRODUCTS_DIR; };
		102329E5288C3425006AAFF8 /* Calculator_swiftUITests.swift */ = {isa = PBXFileReference; lastKnownFileType = sourcecode.swift; path = Calculator_swiftUITests.swift; sourceTree = "<group>"; };
		102329E7288C3425006AAFF8 /* Calculator_swiftUITestsLaunchTests.swift */ = {isa = PBXFileReference; lastKnownFileType = sourcecode.swift; path = Calculator_swiftUITestsLaunchTests.swift; sourceTree = "<group>"; };
		102329F5288C3728006AAFF8 /* Base */ = {isa = PBXFileReference; lastKnownFileType = file.storyboard; name = Base; path = "../../../../Downloads/Basic-Calculator-in-Swift-main/calculator1/calculator1/Base.lproj/Main.storyboard"; sourceTree = "<group>"; };
/* End PBXFileReference section */

/* Begin PBXFrameworksBuildPhase section */
		102329BB288C3423006AAFF8 /* Frameworks */ = {
			isa = PBXFrameworksBuildPhase;
			buildActionMask = 2147483647;
			files = (
			);
			runOnlyForDeploymentPostprocessing = 0;
		};
		102329D4288C3425006AAFF8 /* Frameworks */ = {
			isa = PBXFrameworksBuildPhase;
			buildActionMask = 2147483647;
			files = (
			);
			runOnlyForDeploymentPostprocessing = 0;
		};
		102329DE288C3425006AAFF8 /* Frameworks */ = {
			isa = PBXFrameworksBuildPhase;
			buildActionMask = 2147483647;
			files = (
			);
			runOnlyForDeploymentPostprocessing = 0;
		};
/* End PBXFrameworksBuildPhase section */

/* Begin PBXGroup section */
		102329B5288C3423006AAFF8 = {
			isa = PBXGroup;
			children = (
				102329C0288C3423006AAFF8 /* Calculator swift */,
				102329DA288C3425006AAFF8 /* Calculator swiftTests */,
				102329E4288C3425006AAFF8 /* Calculator swiftUITests */,
				102329BF288C3423006AAFF8 /* Products */,
			);
			sourceTree = "<group>";
		};
		102329BF288C3423006AAFF8 /* Products */ = {
			isa = PBXGroup;
			children = (
				102329BE288C3423006AAFF8 /* Calculator swift.app */,
				102329D7288C3425006AAFF8 /* Calculator swiftTests.xctest */,
				102329E1288C3425006AAFF8 /* Calculator swiftUITests.xctest */,
			);
			name = Products;
			sourceTree = "<group>";
		};
		102329C0288C3423006AAFF8 /* Calculator swift */ = {
			isa = PBXGroup;
			children = (
				102329C1288C3423006AAFF8 /* AppDelegate.swift */,
				102329C3288C3423006AAFF8 /* SceneDelegate.swift */,
				102329C5288C3423006AAFF8 /* ViewController.swift */,
				102329F4288C3728006AAFF8 /* Main.storyboard */,
				102329CD288C3425006AAFF8 /* Assets.xcassets */,
				102329CF288C3425006AAFF8 /* LaunchScreen.storyboard */,
				102329D2288C3425006AAFF8 /* Info.plist */,
				102329CA288C3423006AAFF8 /* Calculator_swift.xcdatamodeld */,
			);
			path = "Calculator swift";
			sourceTree = "<group>";
		};
		102329DA288C3425006AAFF8 /* Calculator swiftTests */ = {
			isa = PBXGroup;
			children = (
				102329DB288C3425006AAFF8 /* Calculator_swiftTests.swift */,
			);
			path = "Calculator swiftTests";
			sourceTree = "<group>";
		};
		102329E4288C3425006AAFF8 /* Calculator swiftUITests */ = {
			isa = PBXGroup;
			children = (
				102329E5288C3425006AAFF8 /* Calculator_swiftUITests.swift */,
				102329E7288C3425006AAFF8 /* Calculator_swiftUITestsLaunchTests.swift */,
			);
			path = "Calculator swiftUITests";
			sourceTree = "<group>";
		};
/* End PBXGroup section */

/* Begin PBXNativeTarget section */
		102329BD288C3423006AAFF8 /* Calculator swift */ = {
			isa = PBXNativeTarget;
			buildConfigurationList = 102329EB288C3425006AAFF8 /* Build configuration list for PBXNativeTarget "Calculator swift" */;
			buildPhases = (
				102329BA288C3423006AAFF8 /* Sources */,
				102329BB288C3423006AAFF8 /* Frameworks */,
				102329BC288C3423006AAFF8 /* Resources */,
			);
			buildRules = (
			);
			dependencies = (
			);
			name = "Calculator swift";
			productName = "Calculator swift";
			productReference = 102329BE288C3423006AAFF8 /* Calculator swift.app */;
			productType = "com.apple.product-type.application";
		};
		102329D6288C3425006AAFF8 /* Calculator swiftTests */ = {
			isa = PBXNativeTarget;
			buildConfigurationList = 102329EE288C3425006AAFF8 /* Build configuration list for PBXNativeTarget "Calculator swiftTests" */;
			buildPhases = (
				102329D3288C3425006AAFF8 /* Sources */,
				102329D4288C3425006AAFF8 /* Frameworks */,
				102329D5288C3425006AAFF8 /* Resources */,
			);
			buildRules = (
			);
			dependencies = (
				102329D9288C3425006AAFF8 /* PBXTargetDependency */,
			);
			name = "Calculator swiftTests";
			productName = "Calculator swiftTests";
			productReference = 102329D7288C3425006AAFF8 /* Calculator swiftTests.xctest */;
			productType = "com.apple.product-type.bundle.unit-test";
		};
		102329E0288C3425006AAFF8 /* Calculator swiftUITests */ = {
			isa = PBXNativeTarget;
			buildConfigurationList = 102329F1288C3425006AAFF8 /* Build configuration list for PBXNativeTarget "Calculator swiftUITests" */;
			buildPhases = (
				102329DD288C3425006AAFF8 /* Sources */,
				102329DE288C3425006AAFF8 /* Frameworks */,
				102329DF288C3425006AAFF8 /* Resources */,
			);
			buildRules = (
			);
			dependencies = (
				102329E3288C3425006AAFF8 /* PBXTargetDependency */,
			);
			name = "Calculator swiftUITests";
			productName = "Calculator swiftUITests";
			productReference = 102329E1288C3425006AAFF8 /* Calculator swiftUITests.xctest */;
			productType = "com.apple.product-type.bundle.ui-testing";
		};
/* End PBXNativeTarget section */

/* Begin PBXProject section */
		102329B6288C3423006AAFF8 /* Project object */ = {
			isa = PBXProject;
			attributes = {
				BuildIndependentTargetsInParallel = 1;
				LastSwiftUpdateCheck = 1340;
				LastUpgradeCheck = 1340;
				TargetAttributes = {
					102329BD288C3423006AAFF8 = {
						CreatedOnToolsVersion = 13.4.1;
					};
					102329D6288C3425006AAFF8 = {
						CreatedOnToolsVersion = 13.4.1;
						TestTargetID = 102329BD288C3423006AAFF8;
					};
					102329E0288C3425006AAFF8 = {
						CreatedOnToolsVersion = 13.4.1;
						TestTargetID = 102329BD288C3423006AAFF8;
					};
				};
			};
			buildConfigurationList = 102329B9288C3423006AAFF8 /* Build configuration list for PBXProject "Calculator swift" */;
			compatibilityVersion = "Xcode 13.0";
			developmentRegion = en;
			hasScannedForEncodings = 0;
			knownRegions = (
				en,
				Base,
			);
			mainGroup = 102329B5288C3423006AAFF8;
			productRefGroup = 102329BF288C3423006AAFF8 /* Products */;
			projectDirPath = "";
			projectRoot = "";
			targets = (
				102329BD288C3423006AAFF8 /* Calculator swift */,
				102329D6288C3425006AAFF8 /* Calculator swiftTests */,
				102329E0288C3425006AAFF8 /* Calculator swiftUITests */,
			);
		};
/* End PBXProject section */

/* Begin PBXResourcesBuildPhase section */
		102329BC288C3423006AAFF8 /* Resources */ = {
			isa = PBXResourcesBuildPhase;
			buildActionMask = 2147483647;
			files = (
				102329D1288C3425006AAFF8 /* LaunchScreen.storyboard in Resources */,
				102329CE288C3425006AAFF8 /* Assets.xcassets in Resources */,
				102329F6288C3728006AAFF8 /* Main.storyboard in Resources */,
			);
			runOnlyForDeploymentPostprocessing = 0;
		};
		102329D5288C3425006AAFF8 /* Resources */ = {
			isa = PBXResourcesBuildPhase;
			buildActionMask = 2147483647;
			files = (
			);
			runOnlyForDeploymentPostprocessing = 0;
		};
		102329DF288C3425006AAFF8 /* Resources */ = {
			isa = PBXResourcesBuildPhase;
			buildActionMask = 2147483647;
			files = (
			);
			runOnlyForDeploymentPostprocessing = 0;
		};
/* End PBXResourcesBuildPhase section */

/* Begin PBXSourcesBuildPhase section */
		102329BA288C3423006AAFF8 /* Sources */ = {
			isa = PBXSourcesBuildPhase;
			buildActionMask = 2147483647;
			files = (
				102329C6288C3423006AAFF8 /* ViewController.swift in Sources */,
				102329C2288C3423006AAFF8 /* AppDelegate.swift in Sources */,
				102329C4288C3423006AAFF8 /* SceneDelegate.swift in Sources */,
				102329CC288C3423006AAFF8 /* Calculator_swift.xcdatamodeld in Sources */,
			);
			runOnlyForDeploymentPostprocessing = 0;
		};
		102329D3288C3425006AAFF8 /* Sources */ = {
			isa = PBXSourcesBuildPhase;
			buildActionMask = 2147483647;
			files = (
				102329DC288C3425006AAFF8 /* Calculator_swiftTests.swift in Sources */,
			);
			runOnlyForDeploymentPostprocessing = 0;
		};
		102329DD288C3425006AAFF8 /* Sources */ = {
			isa = PBXSourcesBuildPhase;
			buildActionMask = 2147483647;
			files = (
				102329E8288C3425006AAFF8 /* Calculator_swiftUITestsLaunchTests.swift in Sources */,
				102329E6288C3425006AAFF8 /* Calculator_swiftUITests.swift in Sources */,
			);
			runOnlyForDeploymentPostprocessing = 0;
		};
/* End PBXSourcesBuildPhase section */

/* Begin PBXTargetDependency section */
		102329D9288C3425006AAFF8 /* PBXTargetDependency */ = {
			isa = PBXTargetDependency;
			target = 102329BD288C3423006AAFF8 /* Calculator swift */;
			targetProxy = 102329D8288C3425006AAFF8 /* PBXContainerItemProxy */;
		};
		102329E3288C3425006AAFF8 /* PBXTargetDependency */ = {
			isa = PBXTargetDependency;
			target = 102329BD288C3423006AAFF8 /* Calculator swift */;
			targetProxy = 102329E2288C3425006AAFF8 /* PBXContainerItemProxy */;
		};
/* End PBXTargetDependency section */

/* Begin PBXVariantGroup section */
		102329CF288C3425006AAFF8 /* LaunchScreen.storyboard */ = {
			isa = PBXVariantGroup;
			children = (
				102329D0288C3425006AAFF8 /* Base */,
			);
			name = LaunchScreen.storyboard;
			sourceTree = "<group>";
		};
		102329F4288C3728006AAFF8 /* Main.storyboard */ = {
			isa = PBXVariantGroup;
			children = (
				102329F5288C3728006AAFF8 /* Base */,
			);
			name = Main.storyboard;
			sourceTree = "<group>";
		};
/* End PBXVariantGroup section */

/* Begin XCBuildConfiguration section */
		102329E9288C3425006AAFF8 /* Debug */ = {
			isa = XCBuildConfiguration;
			buildSettings = {
				ALWAYS_SEARCH_USER_PATHS = NO;
				CLANG_ANALYZER_NONNULL = YES;
				CLANG_ANALYZER_NUMBER_OBJECT_CONVERSION = YES_AGGRESSIVE;
				CLANG_CXX_LANGUAGE_STANDARD = "gnu++17";
				CLANG_ENABLE_MODULES = YES;
				CLANG_ENABLE_OBJC_ARC = YES;
				CLANG_ENABLE_OBJC_WEAK = YES;
				CLANG_WARN_BLOCK_CAPTURE_AUTORELEASING = YES;
				CLANG_WARN_BOOL_CONVERSION = YES;
				CLANG_WARN_COMMA = YES;
				CLANG_WARN_CONSTANT_CONVERSION = YES;
				CLANG_WARN_DEPRECATED_OBJC_IMPLEMENTATIONS = YES;
				CLANG_WARN_DIRECT_OBJC_ISA_USAGE = YES_ERROR;
				CLANG_WARN_DOCUMENTATION_COMMENTS = YES;
				CLANG_WARN_EMPTY_BODY = YES;
				CLANG_WARN_ENUM_CONVERSION = YES;
				CLANG_WARN_INFINITE_RECURSION = YES;
				CLANG_WARN_INT_CONVERSION = YES;
				CLANG_WARN_NON_LITERAL_NULL_CONVERSION = YES;
				CLANG_WARN_OBJC_IMPLICIT_RETAIN_SELF = YES;
				CLANG_WARN_OBJC_LITERAL_CONVERSION = YES;
				CLANG_WARN_OBJC_ROOT_CLASS = YES_ERROR;
				CLANG_WARN_QUOTED_INCLUDE_IN_FRAMEWORK_HEADER = YES;
				CLANG_WARN_RANGE_LOOP_ANALYSIS = YES;
				CLANG_WARN_STRICT_PROTOTYPES = YES;
				CLANG_WARN_SUSPICIOUS_MOVE = YES;
				CLANG_WARN_UNGUARDED_AVAILABILITY = YES_AGGRESSIVE;
				CLANG_WARN_UNREACHABLE_CODE = YES;
				CLANG_WARN__DUPLICATE_METHOD_MATCH = YES;
				COPY_PHASE_STRIP = NO;
				DEBUG_INFORMATION_FORMAT = dwarf;
				ENABLE_STRICT_OBJC_MSGSEND = YES;
				ENABLE_TESTABILITY = YES;
				GCC_C_LANGUAGE_STANDARD = gnu11;
				GCC_DYNAMIC_NO_PIC = NO;
				GCC_NO_COMMON_BLOCKS = YES;
				GCC_OPTIMIZATION_LEVEL = 0;
				GCC_PREPROCESSOR_DEFINITIONS = (
					"DEBUG=1",
					"$(inherited)",
				);
				GCC_WARN_64_TO_32_BIT_CONVERSION = YES;
				GCC_WARN_ABOUT_RETURN_TYPE = YES_ERROR;
				GCC_WARN_UNDECLARED_SELECTOR = YES;
				GCC_WARN_UNINITIALIZED_AUTOS = YES_AGGRESSIVE;
				GCC_WARN_UNUSED_FUNCTION = YES;
				GCC_WARN_UNUSED_VARIABLE = YES;
				IPHONEOS_DEPLOYMENT_TARGET = 15.5;
				MTL_ENABLE_DEBUG_INFO = INCLUDE_SOURCE;
				MTL_FAST_MATH = YES;
				ONLY_ACTIVE_ARCH = YES;
				SDKROOT = iphoneos;
				SWIFT_ACTIVE_COMPILATION_CONDITIONS = DEBUG;
				SWIFT_OPTIMIZATION_LEVEL = "-Onone";
			};
			name = Debug;
		};
		102329EA288C3425006AAFF8 /* Release */ = {
			isa = XCBuildConfiguration;
			buildSettings = {
				ALWAYS_SEARCH_USER_PATHS = NO;
				CLANG_ANALYZER_NONNULL = YES;
				CLANG_ANALYZER_NUMBER_OBJECT_CONVERSION = YES_AGGRESSIVE;
				CLANG_CXX_LANGUAGE_STANDARD = "gnu++17";
				CLANG_ENABLE_MODULES = YES;
				CLANG_ENABLE_OBJC_ARC = YES;
				CLANG_ENABLE_OBJC_WEAK = YES;
				CLANG_WARN_BLOCK_CAPTURE_AUTORELEASING = YES;
				CLANG_WARN_BOOL_CONVERSION = YES;
				CLANG_WARN_COMMA = YES;
				CLANG_WARN_CONSTANT_CONVERSION = YES;
				CLANG_WARN_DEPRECATED_OBJC_IMPLEMENTATIONS = YES;
				CLANG_WARN_DIRECT_OBJC_ISA_USAGE = YES_ERROR;
				CLANG_WARN_DOCUMENTATION_COMMENTS = YES;
				CLANG_WARN_EMPTY_BODY = YES;
				CLANG_WARN_ENUM_CONVERSION = YES;
				CLANG_WARN_INFINITE_RECURSION = YES;
				CLANG_WARN_INT_CONVERSION = YES;
				CLANG_WARN_NON_LITERAL_NULL_CONVERSION = YES;
				CLANG_WARN_OBJC_IMPLICIT_RETAIN_SELF = YES;
				CLANG_WARN_OBJC_LITERAL_CONVERSION = YES;
				CLANG_WARN_OBJC_ROOT_CLASS = YES_ERROR;
				CLANG_WARN_QUOTED_INCLUDE_IN_FRAMEWORK_HEADER = YES;
				CLANG_WARN_RANGE_LOOP_ANALYSIS = YES;
				CLANG_WARN_STRICT_PROTOTYPES = YES;
				CLANG_WARN_SUSPICIOUS_MOVE = YES;
				CLANG_WARN_UNGUARDED_AVAILABILITY = YES_AGGRESSIVE;
				CLANG_WARN_UNREACHABLE_CODE = YES;
				CLANG_WARN__DUPLICATE_METHOD_MATCH = YES;
				COPY_PHASE_STRIP = NO;
				DEBUG_INFORMATION_FORMAT = "dwarf-with-dsym";
				ENABLE_NS_ASSERTIONS = NO;
				ENABLE_STRICT_OBJC_MSGSEND = YES;
				GCC_C_LANGUAGE_STANDARD = gnu11;
				GCC_NO_COMMON_BLOCKS = YES;
				GCC_WARN_64_TO_32_BIT_CONVERSION = YES;
				GCC_WARN_ABOUT_RETURN_TYPE = YES_ERROR;
				GCC_WARN_UNDECLARED_SELECTOR = YES;
				GCC_WARN_UNINITIALIZED_AUTOS = YES_AGGRESSIVE;
				GCC_WARN_UNUSED_FUNCTION = YES;
				GCC_WARN_UNUSED_VARIABLE = YES;
				IPHONEOS_DEPLOYMENT_TARGET = 15.5;
				MTL_ENABLE_DEBUG_INFO = NO;
				MTL_FAST_MATH = YES;
				SDKROOT = iphoneos;
				SWIFT_COMPILATION_MODE = wholemodule;
				SWIFT_OPTIMIZATION_LEVEL = "-O";
				VALIDATE_PRODUCT = YES;
			};
			name = Release;
		};
		102329EC288C3425006AAFF8 /* Debug */ = {
			isa = XCBuildConfiguration;
			buildSettings = {
				ASSETCATALOG_COMPILER_APPICON_NAME = AppIcon;
				ASSETCATALOG_COMPILER_GLOBAL_ACCENT_COLOR_NAME = AccentColor;
				CODE_SIGN_STYLE = Automatic;
				CURRENT_PROJECT_VERSION = 1;
				DEVELOPMENT_TEAM = T9ZVULXTV2;
				GENERATE_INFOPLIST_FILE = YES;
				INFOPLIST_FILE = "Calculator swift/Info.plist";
				INFOPLIST_KEY_UIApplicationSupportsIndirectInputEvents = YES;
				INFOPLIST_KEY_UILaunchStoryboardName = LaunchScreen;
				INFOPLIST_KEY_UIMainStoryboardFile = Main;
				INFOPLIST_KEY_UISupportedInterfaceOrientations_iPad = "UIInterfaceOrientationPortrait UIInterfaceOrientationPortraitUpsideDown UIInterfaceOrientationLandscapeLeft UIInterfaceOrientationLandscapeRight";
				INFOPLIST_KEY_UISupportedInterfaceOrientations_iPhone = "UIInterfaceOrientationPortrait UIInterfaceOrientationLandscapeLeft UIInterfaceOrientationLandscapeRight";
				LD_RUNPATH_SEARCH_PATHS = (
					"$(inherited)",
					"@executable_path/Frameworks",
				);
				MARKETING_VERSION = 1.0;
				PRODUCT_BUNDLE_IDENTIFIER = "Jamal-Gumasov.Calculator-swift";
				PRODUCT_NAME = "$(TARGET_NAME)";
				SWIFT_EMIT_LOC_STRINGS = YES;
				SWIFT_VERSION = 5.0;
				TARGETED_DEVICE_FAMILY = "1,2";
			};
			name = Debug;
		};
		102329ED288C3425006AAFF8 /* Release */ = {
			isa = XCBuildConfiguration;
			buildSettings = {
				ASSETCATALOG_COMPILER_APPICON_NAME = AppIcon;
				ASSETCATALOG_COMPILER_GLOBAL_ACCENT_COLOR_NAME = AccentColor;
				CODE_SIGN_STYLE = Automatic;
				CURRENT_PROJECT_VERSION = 1;
				DEVELOPMENT_TEAM = T9ZVULXTV2;
				GENERATE_INFOPLIST_FILE = YES;
				INFOPLIST_FILE = "Calculator swift/Info.plist";
				INFOPLIST_KEY_UIApplicationSupportsIndirectInputEvents = YES;
				INFOPLIST_KEY_UILaunchStoryboardName = LaunchScreen;
				INFOPLIST_KEY_UIMainStoryboardFile = Main;
				INFOPLIST_KEY_UISupportedInterfaceOrientations_iPad = "UIInterfaceOrientationPortrait UIInterfaceOrientationPortraitUpsideDown UIInterfaceOrientationLandscapeLeft UIInterfaceOrientationLandscapeRight";
				INFOPLIST_KEY_UISupportedInterfaceOrientations_iPhone = "UIInterfaceOrientationPortrait UIInterfaceOrientationLandscapeLeft UIInterfaceOrientationLandscapeRight";
				LD_RUNPATH_SEARCH_PATHS = (
					"$(inherited)",
					"@executable_path/Frameworks",
				);
				MARKETING_VERSION = 1.0;
				PRODUCT_BUNDLE_IDENTIFIER = "Jamal-Gumasov.Calculator-swift";
				PRODUCT_NAME = "$(TARGET_NAME)";
				SWIFT_EMIT_LOC_STRINGS = YES;
				SWIFT_VERSION = 5.0;
				TARGETED_DEVICE_FAMILY = "1,2";
			};
			name = Release;
		};
		102329EF288C3425006AAFF8 /* Debug */ = {
			isa = XCBuildConfiguration;
			buildSettings = {
				ALWAYS_EMBED_SWIFT_STANDARD_LIBRARIES = YES;
				BUNDLE_LOADER = "$(TEST_HOST)";
				CODE_SIGN_STYLE = Automatic;
				CURRENT_PROJECT_VERSION = 1;
				DEVELOPMENT_TEAM = T9ZVULXTV2;
				GENERATE_INFOPLIST_FILE = YES;
				IPHONEOS_DEPLOYMENT_TARGET = 15.5;
				MARKETING_VERSION = 1.0;
				PRODUCT_BUNDLE_IDENTIFIER = "Jamal-Gumasov.Calculator-swiftTests";
				PRODUCT_NAME = "$(TARGET_NAME)";
				SWIFT_EMIT_LOC_STRINGS = NO;
				SWIFT_VERSION = 5.0;
				TARGETED_DEVICE_FAMILY = "1,2";
				TEST_HOST = "$(BUILT_PRODUCTS_DIR)/Calculator swift.app/Calculator swift";
			};
			name = Debug;
		};
		102329F0288C3425006AAFF8 /* Release */ = {
			isa = XCBuildConfiguration;
			buildSettings = {
				ALWAYS_EMBED_SWIFT_STANDARD_LIBRARIES = YES;
				BUNDLE_LOADER = "$(TEST_HOST)";
				CODE_SIGN_STYLE = Automatic;
				CURRENT_PROJECT_VERSION = 1;
				DEVELOPMENT_TEAM = T9ZVULXTV2;
				GENERATE_INFOPLIST_FILE = YES;
				IPHONEOS_DEPLOYMENT_TARGET = 15.5;
				MARKETING_VERSION = 1.0;
				PRODUCT_BUNDLE_IDENTIFIER = "Jamal-Gumasov.Calculator-swiftTests";
				PRODUCT_NAME = "$(TARGET_NAME)";
				SWIFT_EMIT_LOC_STRINGS = NO;
				SWIFT_VERSION = 5.0;
				TARGETED_DEVICE_FAMILY = "1,2";
				TEST_HOST = "$(BUILT_PRODUCTS_DIR)/Calculator swift.app/Calculator swift";
			};
			name = Release;
		};
		102329F2288C3425006AAFF8 /* Debug */ = {
			isa = XCBuildConfiguration;
			buildSettings = {
				ALWAYS_EMBED_SWIFT_STANDARD_LIBRARIES = YES;
				CODE_SIGN_STYLE = Automatic;
				CURRENT_PROJECT_VERSION = 1;
				DEVELOPMENT_TEAM = T9ZVULXTV2;
				GENERATE_INFOPLIST_FILE = YES;
				MARKETING_VERSION = 1.0;
				PRODUCT_BUNDLE_IDENTIFIER = "Jamal-Gumasov.Calculator-swiftUITests";
				PRODUCT_NAME = "$(TARGET_NAME)";
				SWIFT_EMIT_LOC_STRINGS = NO;
				SWIFT_VERSION = 5.0;
				TARGETED_DEVICE_FAMILY = "1,2";
				TEST_TARGET_NAME = "Calculator swift";
			};
			name = Debug;
		};
		102329F3288C3425006AAFF8 /* Release */ = {
			isa = XCBuildConfiguration;
			buildSettings = {
				ALWAYS_EMBED_SWIFT_STANDARD_LIBRARIES = YES;
				CODE_SIGN_STYLE = Automatic;
				CURRENT_PROJECT_VERSION = 1;
				DEVELOPMENT_TEAM = T9ZVULXTV2;
				GENERATE_INFOPLIST_FILE = YES;
				MARKETING_VERSION = 1.0;
				PRODUCT_BUNDLE_IDENTIFIER = "Jamal-Gumasov.Calculator-swiftUITests";
				PRODUCT_NAME = "$(TARGET_NAME)";
				SWIFT_EMIT_LOC_STRINGS = NO;
				SWIFT_VERSION = 5.0;
				TARGETED_DEVICE_FAMILY = "1,2";
				TEST_TARGET_NAME = "Calculator swift";
			};
			name = Release;
		};
/* End XCBuildConfiguration section */

/* Begin XCConfigurationList section */
		102329B9288C3423006AAFF8 /* Build configuration list for PBXProject "Calculator swift" */ = {
			isa = XCConfigurationList;
			buildConfigurations = (
				102329E9288C3425006AAFF8 /* Debug */,
				102329EA288C3425006AAFF8 /* Release */,
			);
			defaultConfigurationIsVisible = 0;
			defaultConfigurationName = Release;
		};
		102329EB288C3425006AAFF8 /* Build configuration list for PBXNativeTarget "Calculator swift" */ = {
			isa = XCConfigurationList;
			buildConfigurations = (
				102329EC288C3425006AAFF8 /* Debug */,
				102329ED288C3425006AAFF8 /* Release */,
			);
			defaultConfigurationIsVisible = 0;
			defaultConfigurationName = Release;
		};
		102329EE288C3425006AAFF8 /* Build configuration list for PBXNativeTarget "Calculator swiftTests" */ = {
			isa = XCConfigurationList;
			buildConfigurations = (
				102329EF288C3425006AAFF8 /* Debug */,
				102329F0288C3425006AAFF8 /* Release */,
			);
			defaultConfigurationIsVisible = 0;
			defaultConfigurationName = Release;
		};
		102329F1288C3425006AAFF8 /* Build configuration list for PBXNativeTarget "Calculator swiftUITests" */ = {
			isa = XCConfigurationList;
			buildConfigurations = (
				102329F2288C3425006AAFF8 /* Debug */,
				102329F3288C3425006AAFF8 /* Release */,
			);
			defaultConfigurationIsVisible = 0;
			defaultConfigurationName = Release;
		};
/* End XCConfigurationList section */

/* Begin XCVersionGroup section */
		102329CA288C3423006AAFF8 /* Calculator_swift.xcdatamodeld */ = {
			isa = XCVersionGroup;
			children = (
				102329CB288C3423006AAFF8 /* Calculator_swift.xcdatamodel */,
			);
			currentVersion = 102329CB288C3423006AAFF8 /* Calculator_swift.xcdatamodel */;
			path = Calculator_swift.xcdatamodeld;
			sourceTree = "<group>";
			versionGroupType = wrapper.xcdatamodel;
		};
/* End XCVersionGroup section */
	};
	rootObject = 102329B6288C3423006AAFF8 /* Project object */;
}
